
Microsoft Visual Studio Solution File, Format Version 12.00
Project("{FAE04EC0-301F-11D3-BF4B-00C04F79EFBC}") = "WasmTest", "WasmTest.csproj", "{38A3BCAB-3C47-4014-BC26-81A6014907DC}"
EndProject
Global
	GlobalSection(SolutionConfigurationPlatforms) = preSolution
		Debug|Any CPU = Debug|Any CPU
		Release|Any CPU = Release|Any CPU
	EndGlobalSection
	GlobalSection(ProjectConfigurationPlatforms) = postSolution
		{38A3BCAB-3C47-4014-BC26-81A6014907DC}.Debug|Any CPU.ActiveCfg = Debug|Any CPU
		{38A3BCAB-3C47-4014-BC26-81A6014907DC}.Debug|Any CPU.Build.0 = Debug|Any CPU
		{38A3BCAB-3C47-4014-BC26-81A6014907DC}.Release|Any CPU.ActiveCfg = Release|Any CPU
		{38A3BCAB-3C47-4014-BC26-81A6014907DC}.Release|Any CPU.Build.0 = Release|Any CPU
	EndGlobalSection
EndGlobal
